
Microsoft Visual Studio Solution File, Format Version 12.00
# Visual Studio Version 17
VisualStudioVersion = 17.0.32014.148
MinimumVisualStudioVersion = 10.0.40219.1
Project("{9A19103F-16F7-4668-BE54-9A1E7A4F7556}") = "WebAPI", "WebAPI\WebAPI.csproj", "{56480DA4-6EA7-4A8D-8791-F735CB51EDDF}"
EndProject
Project("{9A19103F-16F7-4668-BE54-9A1E7A4F7556}") = "BlazorApp", "BlazorApp\BlazorApp.csproj", "{5E25FC4F-075B-48EA-9A31-2BB82103A78A}"
EndProject
Global
	GlobalSection(SolutionConfigurationPlatforms) = preSolution
		Debug|Any CPU = Debug|Any CPU
		Release|Any CPU = Release|Any CPU
	EndGlobalSection
	GlobalSection(ProjectConfigurationPlatforms) = postSolution
		{56480DA4-6EA7-4A8D-8791-F735CB51EDDF}.Debug|Any CPU.ActiveCfg = Debug|Any CPU
		{56480DA4-6EA7-4A8D-8791-F735CB51EDDF}.Debug|Any CPU.Build.0 = Debug|Any CPU
		{56480DA4-6EA7-4A8D-8791-F735CB51EDDF}.Release|Any CPU.ActiveCfg = Release|Any CPU
		{56480DA4-6EA7-4A8D-8791-F735CB51EDDF}.Release|Any CPU.Build.0 = Release|Any CPU
		{5E25FC4F-075B-48EA-9A31-2BB82103A78A}.Debug|Any CPU.ActiveCfg = Debug|Any CPU
		{5E25FC4F-075B-48EA-9A31-2BB82103A78A}.Debug|Any CPU.Build.0 = Debug|Any CPU
		{5E25FC4F-075B-48EA-9A31-2BB82103A78A}.Release|Any CPU.ActiveCfg = Release|Any CPU
		{5E25FC4F-075B-48EA-9A31-2BB82103A78A}.Release|Any CPU.Build.0 = Release|Any CPU
	EndGlobalSection
	GlobalSection(SolutionProperties) = preSolution
		HideSolutionNode = FALSE
	EndGlobalSection
	GlobalSection(ExtensibilityGlobals) = postSolution
		SolutionGuid = {104FEC35-1C5E-45F8-9354-B79694990695}
	EndGlobalSection
EndGlobal
